
Microsoft Visual Studio Solution File, Format Version 12.00
# Visual Studio 2012
Project("{FAE04EC0-301F-11D3-BF4B-00C04F79EFBC}") = "NearAndNow", "NearAndNow\NearAndNow.csproj", "{5EBE089D-8453-4DBC-9813-E63EA76648C7}"
EndProject
Project("{FAE04EC0-301F-11D3-BF4B-00C04F79EFBC}") = "NearAndNow.Business", "NearAndNow.Business\NearAndNow.Business.csproj", "{4C2712D1-40D6-498B-AFA9-44F86C0D8268}"
EndProject
Global
	GlobalSection(SolutionConfigurationPlatforms) = preSolution
		Debug|Any CPU = Debug|Any CPU
		Release|Any CPU = Release|Any CPU
	EndGlobalSection
	GlobalSection(ProjectConfigurationPlatforms) = postSolution
		{5EBE089D-8453-4DBC-9813-E63EA76648C7}.Debug|Any CPU.ActiveCfg = Debug|Any CPU
		{5EBE089D-8453-4DBC-9813-E63EA76648C7}.Debug|Any CPU.Build.0 = Debug|Any CPU
		{5EBE089D-8453-4DBC-9813-E63EA76648C7}.Release|Any CPU.ActiveCfg = Release|Any CPU
		{5EBE089D-8453-4DBC-9813-E63EA76648C7}.Release|Any CPU.Build.0 = Release|Any CPU
		{4C2712D1-40D6-498B-AFA9-44F86C0D8268}.Debug|Any CPU.ActiveCfg = Debug|Any CPU
		{4C2712D1-40D6-498B-AFA9-44F86C0D8268}.Debug|Any CPU.Build.0 = Debug|Any CPU
		{4C2712D1-40D6-498B-AFA9-44F86C0D8268}.Release|Any CPU.ActiveCfg = Release|Any CPU
		{4C2712D1-40D6-498B-AFA9-44F86C0D8268}.Release|Any CPU.Build.0 = Release|Any CPU
	EndGlobalSection
	GlobalSection(SolutionProperties) = preSolution
		HideSolutionNode = FALSE
	EndGlobalSection
EndGlobal
