
Microsoft Visual Studio Solution File, Format Version 12.00
# Visual Studio 2013
VisualStudioVersion = 12.0.21005.1
MinimumVisualStudioVersion = 10.0.40219.1
Project("{FAE04EC0-301F-11D3-BF4B-00C04F79EFBC}") = "NearAndNow", "NearAndNow\NearAndNow.csproj", "{74A5005B-0EF6-4937-B594-1E2BF7FE147B}"
EndProject
Project("{FAE04EC0-301F-11D3-BF4B-00C04F79EFBC}") = "NearAndNow.Tests", "NearAndNow.Tests\NearAndNow.Tests.csproj", "{B55B3BD4-0EC3-4FA2-9ADD-1ABE30A582D6}"
EndProject
Project("{FAE04EC0-301F-11D3-BF4B-00C04F79EFBC}") = "NearAndNow.Business", "NearAndNow.Business\NearAndNow.Business.csproj", "{4C2712D1-40D6-498B-AFA9-44F86C0D8268}"
EndProject
Global
	GlobalSection(SolutionConfigurationPlatforms) = preSolution
		Debug|Any CPU = Debug|Any CPU
		Release|Any CPU = Release|Any CPU
	EndGlobalSection
	GlobalSection(ProjectConfigurationPlatforms) = postSolution
		{74A5005B-0EF6-4937-B594-1E2BF7FE147B}.Debug|Any CPU.ActiveCfg = Debug|Any CPU
		{74A5005B-0EF6-4937-B594-1E2BF7FE147B}.Debug|Any CPU.Build.0 = Debug|Any CPU
		{74A5005B-0EF6-4937-B594-1E2BF7FE147B}.Release|Any CPU.ActiveCfg = Release|Any CPU
		{74A5005B-0EF6-4937-B594-1E2BF7FE147B}.Release|Any CPU.Build.0 = Release|Any CPU
		{B55B3BD4-0EC3-4FA2-9ADD-1ABE30A582D6}.Debug|Any CPU.ActiveCfg = Debug|Any CPU
		{B55B3BD4-0EC3-4FA2-9ADD-1ABE30A582D6}.Debug|Any CPU.Build.0 = Debug|Any CPU
		{B55B3BD4-0EC3-4FA2-9ADD-1ABE30A582D6}.Release|Any CPU.ActiveCfg = Release|Any CPU
		{B55B3BD4-0EC3-4FA2-9ADD-1ABE30A582D6}.Release|Any CPU.Build.0 = Release|Any CPU
		{4C2712D1-40D6-498B-AFA9-44F86C0D8268}.Debug|Any CPU.ActiveCfg = Debug|Any CPU
		{4C2712D1-40D6-498B-AFA9-44F86C0D8268}.Debug|Any CPU.Build.0 = Debug|Any CPU
		{4C2712D1-40D6-498B-AFA9-44F86C0D8268}.Release|Any CPU.ActiveCfg = Release|Any CPU
		{4C2712D1-40D6-498B-AFA9-44F86C0D8268}.Release|Any CPU.Build.0 = Release|Any CPU
	EndGlobalSection
	GlobalSection(SolutionProperties) = preSolution
		HideSolutionNode = FALSE
	EndGlobalSection
EndGlobal
